
Microsoft Visual Studio Solution File, Format Version 12.00
# Visual Studio 15
VisualStudioVersion = 15.0.28010.2003
MinimumVisualStudioVersion = 10.0.40219.1
Project("{F184B08F-C81C-45F6-A57F-5ABD9991F28F}") = "Classwork82918 WM", "Classwork82918 WM\Classwork82918 WM.vbproj", "{A1DC8173-7FDB-46B0-8A93-DFB2A55B1EEC}"
EndProject
Global
	GlobalSection(SolutionConfigurationPlatforms) = preSolution
		Debug|Any CPU = Debug|Any CPU
		Release|Any CPU = Release|Any CPU
	EndGlobalSection
	GlobalSection(ProjectConfigurationPlatforms) = postSolution
		{A1DC8173-7FDB-46B0-8A93-DFB2A55B1EEC}.Debug|Any CPU.ActiveCfg = Debug|Any CPU
		{A1DC8173-7FDB-46B0-8A93-DFB2A55B1EEC}.Debug|Any CPU.Build.0 = Debug|Any CPU
		{A1DC8173-7FDB-46B0-8A93-DFB2A55B1EEC}.Release|Any CPU.ActiveCfg = Release|Any CPU
		{A1DC8173-7FDB-46B0-8A93-DFB2A55B1EEC}.Release|Any CPU.Build.0 = Release|Any CPU
	EndGlobalSection
	GlobalSection(SolutionProperties) = preSolution
		HideSolutionNode = FALSE
	EndGlobalSection
	GlobalSection(ExtensibilityGlobals) = postSolution
		SolutionGuid = {0C1D3138-B0AD-49B4-97B8-FD34C530F32D}
	EndGlobalSection
EndGlobal
